dependencies:
- name: postgresql
  repository: https://charts.bitnami.com/bitnami
  version: 11.9.13
- name: mariadb
  repository: https://charts.bitnami.com/bitnami
  version: 11.5.7
- name: redis
  repository: https://charts.bitnami.com/bitnami
  version: 16.12.3
digest: sha256:ca9788e9fa02c9d4dd215e5123c63a157ebde974dd4093f756ba47350c1a1f2a
generated: "2023-08-06T21:07:55.825401463Z"
