dependencies:
- name: postgresql
  repository: https://charts.bitnami.com/bitnami
  version: 11.9.13
- name: mariadb
  repository: https://charts.bitnami.com/bitnami
  version: 11.5.7
- name: redis
  repository: https://charts.bitnami.com/bitnami
  version: 16.13.2
digest: sha256:22a1230bd62a1382696d882d14baeec38933abcf58e725d163e9b8d0a3601c62
generated: "2023-08-07T09:43:16.931548694Z"
