dependencies:
- name: postgresql
  repository: https://charts.bitnami.com/bitnami
  version: 11.9.13
- name: mariadb
  repository: https://charts.bitnami.com/bitnami
  version: 13.0.2
- name: redis
  repository: https://charts.bitnami.com/bitnami
  version: 16.12.3
digest: sha256:e703b5e81ef5b01b2c84bde71be5db00b09f5e7f9b0fd70b56fcbf270b1a225d
generated: "2023-08-11T11:20:18.388012706Z"
